// !$*UTF8*$!
{
	archiveVersion = 1;
	classes = {
	};
	objectVersion = 46;
	objects = {

/* Begin PBXBuildFile section */
		5F4EB3471E88F44F00FC599E /* main.m in Sources */ = {isa = PBXBuildFile; fileRef = 5F4EB3461E88F44F00FC599E /* main.m */; };
		5F4EB34A1E88F44F00FC599E /* AppDelegate.m in Sources */ = {isa = PBXBuildFile; fileRef = 5F4EB3491E88F44F00FC599E /* AppDelegate.m */; };
		5F4EB34D1E88F44F00FC599E /* ViewController.m in Sources */ = {isa = PBXBuildFile; fileRef = 5F4EB34C1E88F44F00FC599E /* ViewController.m */; };
		5F4EB3501E88F44F00FC599E /* Main.storyboard in Resources */ = {isa = PBXBuildFile; fileRef = 5F4EB34E1E88F44F00FC599E /* Main.storyboard */; };
		5F4EB3521E88F44F00FC599E /* Assets.xcassets in Resources */ = {isa = PBXBuildFile; fileRef = 5F4EB3511E88F44F00FC599E /* Assets.xcassets */; };
		5F4EB3551E88F44F00FC599E /* LaunchScreen.storyboard in Resources */ = {isa = PBXBuildFile; fileRef = 5F4EB3531E88F44F00FC599E /* LaunchScreen.storyboard */; };
		5F4EB3661E88F6BB00FC599E /* ChartViewController.m in Sources */ = {isa = PBXBuildFile; fileRef = 5F4EB3651E88F6BB00FC599E /* ChartViewController.m */; };
		5F4EB3691E88F6CF00FC599E /* ChartView.m in Sources */ = {isa = PBXBuildFile; fileRef = 5F4EB3681E88F6CF00FC599E /* ChartView.m */; };
/* End PBXBuildFile section */

/* Begin PBXFileReference section */
		5F4EB3421E88F44F00FC599E /* JFDrawChart.app */ = {isa = PBXFileReference; explicitFileType = wrapper.application; includeInIndex = 0; path = JFDrawChart.app; sourceTree = BUILT_PRODUCTS_DIR; };
		5F4EB3461E88F44F00FC599E /* main.m */ = {isa = PBXFileReference; lastKnownFileType = sourcecode.c.objc; path = main.m; sourceTree = "<group>"; };
		5F4EB3481E88F44F00FC599E /* AppDelegate.h */ = {isa = PBXFileReference; lastKnownFileType = sourcecode.c.h; path = AppDelegate.h; sourceTree = "<group>"; };
		5F4EB3491E88F44F00FC599E /* AppDelegate.m */ = {isa = PBXFileReference; lastKnownFileType = sourcecode.c.objc; path = AppDelegate.m; sourceTree = "<group>"; };
		5F4EB34B1E88F44F00FC599E /* ViewController.h */ = {isa = PBXFileReference; lastKnownFileType = sourcecode.c.h; path = ViewController.h; sourceTree = "<group>"; };
		5F4EB34C1E88F44F00FC599E /* ViewController.m */ = {isa = PBXFileReference; lastKnownFileType = sourcecode.c.objc; path = ViewController.m; sourceTree = "<group>"; };
		5F4EB34F1E88F44F00FC599E /* Base */ = {isa = PBXFileReference; lastKnownFileType = file.storyboard; name = Base; path = Base.lproj/Main.storyboard; sourceTree = "<group>"; };
		5F4EB3511E88F44F00FC599E /* Assets.xcassets */ = {isa = PBXFileReference; lastKnownFileType = folder.assetcatalog; path = Assets.xcassets; sourceTree = "<group>"; };
		5F4EB3541E88F44F00FC599E /* Base */ = {isa = PBXFileReference; lastKnownFileType = file.storyboard; name = Base; path = Base.lproj/LaunchScreen.storyboard; sourceTree = "<group>"; };
		5F4EB3561E88F44F00FC599E /* Info.plist */ = {isa = PBXFileReference; lastKnownFileType = text.plist.xml; path = Info.plist; sourceTree = "<group>"; };
		5F4EB3641E88F6BB00FC599E /* ChartViewController.h */ = {isa = PBXFileReference; fileEncoding = 4; lastKnownFileType = sourcecode.c.h; path = ChartViewController.h; sourceTree = "<group>"; };
		5F4EB3651E88F6BB00FC599E /* ChartViewController.m */ = {isa = PBXFileReference; fileEncoding = 4; lastKnownFileType = sourcecode.c.objc; path = ChartViewController.m; sourceTree = "<group>"; };
		5F4EB3671E88F6CF00FC599E /* ChartView.h */ = {isa = PBXFileReference; fileEncoding = 4; lastKnownFileType = sourcecode.c.h; path = ChartView.h; sourceTree = "<group>"; };
		5F4EB3681E88F6CF00FC599E /* ChartView.m */ = {isa = PBXFileReference; fileEncoding = 4; lastKnownFileType = sourcecode.c.objc; path = ChartView.m; sourceTree = "<group>"; };
/* End PBXFileReference section */

/* Begin PBXFrameworksBuildPhase section */
		5F4EB33F1E88F44E00FC599E /* Frameworks */ = {
			isa = PBXFrameworksBuildPhase;
			buildActionMask = 2147483647;
			files = (
			);
			runOnlyForDeploymentPostprocessing = 0;
		};
/* End PBXFrameworksBuildPhase section */

/* Begin PBXGroup section */
		5F4EB3391E88F44E00FC599E = {
			isa = PBXGroup;
			children = (
				5F4EB3441E88F44F00FC599E /* JFDrawChart */,
				5F4EB3431E88F44F00FC599E /* Products */,
			);
			sourceTree = "<group>";
		};
		5F4EB3431E88F44F00FC599E /* Products */ = {
			isa = PBXGroup;
			children = (
				5F4EB3421E88F44F00FC599E /* JFDrawChart.app */,
			);
			name = Products;
			sourceTree = "<group>";
		};
		5F4EB3441E88F44F00FC599E /* JFDrawChart */ = {
			isa = PBXGroup;
			children = (
				5F4EB3481E88F44F00FC599E /* AppDelegate.h */,
				5F4EB3491E88F44F00FC599E /* AppDelegate.m */,
				5F4EB34B1E88F44F00FC599E /* ViewController.h */,
				5F4EB34C1E88F44F00FC599E /* ViewController.m */,
				5F4EB3641E88F6BB00FC599E /* ChartViewController.h */,
				5F4EB3651E88F6BB00FC599E /* ChartViewController.m */,
				5F4EB3671E88F6CF00FC599E /* ChartView.h */,
				5F4EB3681E88F6CF00FC599E /* ChartView.m */,
				5F4EB34E1E88F44F00FC599E /* Main.storyboard */,
				5F4EB3511E88F44F00FC599E /* Assets.xcassets */,
				5F4EB3531E88F44F00FC599E /* LaunchScreen.storyboard */,
				5F4EB3561E88F44F00FC599E /* Info.plist */,
				5F4EB3451E88F44F00FC599E /* Supporting Files */,
			);
			path = JFDrawChart;
			sourceTree = "<group>";
		};
		5F4EB3451E88F44F00FC599E /* Supporting Files */ = {
			isa = PBXGroup;
			children = (
				5F4EB3461E88F44F00FC599E /* main.m */,
			);
			name = "Supporting Files";
			sourceTree = "<group>";
		};
/* End PBXGroup section */

/* Begin PBXNativeTarget section */
		5F4EB3411E88F44E00FC599E /* JFDrawChart */ = {
			isa = PBXNativeTarget;
			buildConfigurationList = 5F4EB3591E88F44F00FC599E /* Build configuration list for PBXNativeTarget "JFDrawChart" */;
			buildPhases = (
				5F4EB33E1E88F44E00FC599E /* Sources */,
				5F4EB33F1E88F44E00FC599E /* Frameworks */,
				5F4EB3401E88F44E00FC599E /* Resources */,
			);
			buildRules = (
			);
			dependencies = (
			);
			name = JFDrawChart;
			productName = JFDrawChart;
			productReference = 5F4EB3421E88F44F00FC599E /* JFDrawChart.app */;
			productType = "com.apple.product-type.application";
		};
/* End PBXNativeTarget section */

/* Begin PBXProject section */
		5F4EB33A1E88F44E00FC599E /* Project object */ = {
			isa = PBXProject;
			attributes = {
				LastUpgradeCheck = 0820;
				ORGANIZATIONNAME = Terminator;
				TargetAttributes = {
					5F4EB3411E88F44E00FC599E = {
						CreatedOnToolsVersion = 8.2.1;
						ProvisioningStyle = Automatic;
					};
				};
			};
			buildConfigurationList = 5F4EB33D1E88F44E00FC599E /* Build configuration list for PBXProject "JFDrawChart" */;
			compatibilityVersion = "Xcode 3.2";
			developmentRegion = English;
			hasScannedForEncodings = 0;
			knownRegions = (
				en,
				Base,
			);
			mainGroup = 5F4EB3391E88F44E00FC599E;
			productRefGroup = 5F4EB3431E88F44F00FC599E /* Products */;
			projectDirPath = "";
			projectRoot = "";
			targets = (
				5F4EB3411E88F44E00FC599E /* JFDrawChart */,
			);
		};
/* End PBXProject section */

/* Begin PBXResourcesBuildPhase section */
		5F4EB3401E88F44E00FC599E /* Resources */ = {
			isa = PBXResourcesBuildPhase;
			buildActionMask = 2147483647;
			files = (
				5F4EB3551E88F44F00FC599E /* LaunchScreen.storyboard in Resources */,
				5F4EB3521E88F44F00FC599E /* Assets.xcassets in Resources */,
				5F4EB3501E88F44F00FC599E /* Main.storyboard in Resources */,
			);
			runOnlyForDeploymentPostprocessing = 0;
		};
/* End PBXResourcesBuildPhase section */

/* Begin PBXSourcesBuildPhase section */
		5F4EB33E1E88F44E00FC599E /* Sources */ = {
			isa = PBXSourcesBuildPhase;
			buildActionMask = 2147483647;
			files = (
				5F4EB34D1E88F44F00FC599E /* ViewController.m in Sources */,
				5F4EB3661E88F6BB00FC599E /* ChartViewController.m in Sources */,
				5F4EB3691E88F6CF00FC599E /* ChartView.m in Sources */,
				5F4EB34A1E88F44F00FC599E /* AppDelegate.m in Sources */,
				5F4EB3471E88F44F00FC599E /* main.m in Sources */,
			);
			runOnlyForDeploymentPostprocessing = 0;
		};
/* End PBXSourcesBuildPhase section */

/* Begin PBXVariantGroup section */
		5F4EB34E1E88F44F00FC599E /* Main.storyboard */ = {
			isa = PBXVariantGroup;
			children = (
				5F4EB34F1E88F44F00FC599E /* Base */,
			);
			name = Main.storyboard;
			sourceTree = "<group>";
		};
		5F4EB3531E88F44F00FC599E /* LaunchScreen.storyboard */ = {
			isa = PBXVariantGroup;
			children = (
				5F4EB3541E88F44F00FC599E /* Base */,
			);
			name = LaunchScreen.storyboard;
			sourceTree = "<group>";
		};
/* End PBXVariantGroup section */

/* Begin XCBuildConfiguration section */
		5F4EB3571E88F44F00FC599E /* Debug */ = {
			isa = XCBuildConfiguration;
			buildSettings = {
				ALWAYS_SEARCH_USER_PATHS = NO;
				CLANG_ANALYZER_NONNULL = YES;
				CLANG_CXX_LANGUAGE_STANDARD = "gnu++0x";
				CLANG_CXX_LIBRARY = "libc++";
				CLANG_ENABLE_MODULES = YES;
				CLANG_ENABLE_OBJC_ARC = YES;
				CLANG_WARN_BOOL_CONVERSION = YES;
				CLANG_WARN_CONSTANT_CONVERSION = YES;
				CLANG_WARN_DIRECT_OBJC_ISA_USAGE = YES_ERROR;
				CLANG_WARN_DOCUMENTATION_COMMENTS = YES;
				CLANG_WARN_EMPTY_BODY = YES;
				CLANG_WARN_ENUM_CONVERSION = YES;
				CLANG_WARN_INFINITE_RECURSION = YES;
				CLANG_WARN_INT_CONVERSION = YES;
				CLANG_WARN_OBJC_ROOT_CLASS = YES_ERROR;
				CLANG_WARN_SUSPICIOUS_MOVE = YES;
				CLANG_WARN_UNREACHABLE_CODE = YES;
				CLANG_WARN__DUPLICATE_METHOD_MATCH = YES;
				"CODE_SIGN_IDENTITY[sdk=iphoneos*]" = "iPhone Developer";
				COPY_PHASE_STRIP = NO;
				DEBUG_INFORMATION_FORMAT = dwarf;
				ENABLE_STRICT_OBJC_MSGSEND = YES;
				ENABLE_TESTABILITY = YES;
				GCC_C_LANGUAGE_STANDARD = gnu99;
				GCC_DYNAMIC_NO_PIC = NO;
				GCC_NO_COMMON_BLOCKS = YES;
				GCC_OPTIMIZATION_LEVEL = 0;
				GCC_PREPROCESSOR_DEFINITIONS = (
					"DEBUG=1",
					"$(inherited)",
				);
				GCC_WARN_64_TO_32_BIT_CONVERSION = YES;
				GCC_WARN_ABOUT_RETURN_TYPE = YES_ERROR;
				GCC_WARN_UNDECLARED_SELECTOR = YES;
				GCC_WARN_UNINITIALIZED_AUTOS = YES_AGGRESSIVE;
				GCC_WARN_UNUSED_FUNCTION = YES;
				GCC_WARN_UNUSED_VARIABLE = YES;
				IPHONEOS_DEPLOYMENT_TARGET = 10.2;
				MTL_ENABLE_DEBUG_INFO = YES;
				ONLY_ACTIVE_ARCH = YES;
				SDKROOT = iphoneos;
			};
			name = Debug;
		};
		5F4EB3581E88F44F00FC599E /* Release */ = {
			isa = XCBuildConfiguration;
			buildSettings = {
				ALWAYS_SEARCH_USER_PATHS = NO;
				CLANG_ANALYZER_NONNULL = YES;
				CLANG_CXX_LANGUAGE_STANDARD = "gnu++0x";
				CLANG_CXX_LIBRARY = "libc++";
				CLANG_ENABLE_MODULES = YES;
				CLANG_ENABLE_OBJC_ARC = YES;
				CLANG_WARN_BOOL_CONVERSION = YES;
				CLANG_WARN_CONSTANT_CONVERSION = YES;
				CLANG_WARN_DIRECT_OBJC_ISA_USAGE = YES_ERROR;
				CLANG_WARN_DOCUMENTATION_COMMENTS = YES;
				CLANG_WARN_EMPTY_BODY = YES;
				CLANG_WARN_ENUM_CONVERSION = YES;
				CLANG_WARN_INFINITE_RECURSION = YES;
				CLANG_WARN_INT_CONVERSION = YES;
				CLANG_WARN_OBJC_ROOT_CLASS = YES_ERROR;
				CLANG_WARN_SUSPICIOUS_MOVE = YES;
				CLANG_WARN_UNREACHABLE_CODE = YES;
				CLANG_WARN__DUPLICATE_METHOD_MATCH = YES;
				"CODE_SIGN_IDENTITY[sdk=iphoneos*]" = "iPhone Developer";
				COPY_PHASE_STRIP = NO;
				DEBUG_INFORMATION_FORMAT = "dwarf-with-dsym";
				ENABLE_NS_ASSERTIONS = NO;
				ENABLE_STRICT_OBJC_MSGSEND = YES;
				GCC_C_LANGUAGE_STANDARD = gnu99;
				GCC_NO_COMMON_BLOCKS = YES;
				GCC_WARN_64_TO_32_BIT_CONVERSION = YES;
				GCC_WARN_ABOUT_RETURN_TYPE = YES_ERROR;
				GCC_WARN_UNDECLARED_SELECTOR = YES;
				GCC_WARN_UNINITIALIZED_AUTOS = YES_AGGRESSIVE;
				GCC_WARN_UNUSED_FUNCTION = YES;
				GCC_WARN_UNUSED_VARIABLE = YES;
				IPHONEOS_DEPLOYMENT_TARGET = 10.2;
				MTL_ENABLE_DEBUG_INFO = NO;
				SDKROOT = iphoneos;
				VALIDATE_PRODUCT = YES;
			};
			name = Release;
		};
		5F4EB35A1E88F44F00FC599E /* Debug */ = {
			isa = XCBuildConfiguration;
			buildSettings = {
				ASSETCATALOG_COMPILER_APPICON_NAME = AppIcon;
				INFOPLIST_FILE = JFDrawChart/Info.plist;
				LD_RUNPATH_SEARCH_PATHS = "$(inherited) @executable_path/Frameworks";
				PRODUCT_BUNDLE_IDENTIFIER = com.su.JFDrawChart;
				PRODUCT_NAME = "$(TARGET_NAME)";
			};
			name = Debug;
		};
		5F4EB35B1E88F44F00FC599E /* Release */ = {
			isa = XCBuildConfiguration;
			buildSettings = {
				ASSETCATALOG_COMPILER_APPICON_NAME = AppIcon;
				INFOPLIST_FILE = JFDrawChart/Info.plist;
				LD_RUNPATH_SEARCH_PATHS = "$(inherited) @executable_path/Frameworks";
				PRODUCT_BUNDLE_IDENTIFIER = com.su.JFDrawChart;
				PRODUCT_NAME = "$(TARGET_NAME)";
			};
			name = Release;
		};
/* End XCBuildConfiguration section */

/* Begin XCConfigurationList section */
		5F4EB33D1E88F44E00FC599E /* Build configuration list for PBXProject "JFDrawChart" */ = {
			isa = XCConfigurationList;
			buildConfigurations = (
				5F4EB3571E88F44F00FC599E /* Debug */,
				5F4EB3581E88F44F00FC599E /* Release */,
			);
			defaultConfigurationIsVisible = 0;
			defaultConfigurationName = Release;
		};
		5F4EB3591E88F44F00FC599E /* Build configuration list for PBXNativeTarget "JFDrawChart" */ = {
			isa = XCConfigurationList;
			buildConfigurations = (
				5F4EB35A1E88F44F00FC599E /* Debug */,
				5F4EB35B1E88F44F00FC599E /* Release */,
			);
			defaultConfigurationIsVisible = 0;
			defaultConfigurationName = Release;
		};
/* End XCConfigurationList section */
	};
	rootObject = 5F4EB33A1E88F44E00FC599E /* Project object */;
}
